---
kind: block
type: processing
name: Dummy Block
description: Minimal test fixture block

env:
  SAMPLE_ENV: "value"
  SAMPLE_ENV_1: "2"

parameters:
  - name: slope
    type: float
    default: 1.0
  - name: intercept
    type: float
    default: 0.0

inputs:
  - name: x
    format: number
    type: float
    default: 1.0
  - name: info
    type: string
    dtype: str
    default: "placeholder"

outputs:
  - name: y_coordinate
    format: number
    type: float
  - name: equation
    format: string
    type: str
